// !$*UTF8*$!
{
	archiveVersion = 1;
	classes = {
	};
	objectVersion = 50;
	objects = {

/* Begin PBXBuildFile section */
		3797539DC91D0E0ADEDCA8F2 /* libPods-ZKTreeTableView.a in Frameworks */ = {isa = PBXBuildFile; fileRef = 4DE14121B737BE89767C54E7 /* libPods-ZKTreeTableView.a */; };
		FD02FDF3213C5177003F0F56 /* YYWeakProxy.m in Sources */ = {isa = PBXBuildFile; fileRef = FD02FDEF213C5177003F0F56 /* YYWeakProxy.m */; };
		FD02FDF4213C5177003F0F56 /* YYFPSLabel.m in Sources */ = {isa = PBXBuildFile; fileRef = FD02FDF1213C5177003F0F56 /* YYFPSLabel.m */; };
		FD399B5A213E611D0035983F /* MainViewController.m in Sources */ = {isa = PBXBuildFile; fileRef = FD399B59213E611D0035983F /* MainViewController.m */; };
		FD399B60213E66DC0035983F /* CustomCell.m in Sources */ = {isa = PBXBuildFile; fileRef = FD399B5F213E66DC0035983F /* CustomCell.m */; };
		FD399B72213E8D560035983F /* Untitled.gif in Resources */ = {isa = PBXBuildFile; fileRef = FD399B71213E8D560035983F /* Untitled.gif */; };
		FD59B371213FB6C1000349F9 /* ZKTreeManager.m in Sources */ = {isa = PBXBuildFile; fileRef = FD59B369213FB6C1000349F9 /* ZKTreeManager.m */; };
		FD59B372213FB6C1000349F9 /* ZKTreeListView.m in Sources */ = {isa = PBXBuildFile; fileRef = FD59B36E213FB6C1000349F9 /* ZKTreeListView.m */; };
		FD59B373213FB6C1000349F9 /* ZKTreeListViewCell.m in Sources */ = {isa = PBXBuildFile; fileRef = FD59B36F213FB6C1000349F9 /* ZKTreeListViewCell.m */; };
		FD59B374213FB6C1000349F9 /* ZKTreeNode.m in Sources */ = {isa = PBXBuildFile; fileRef = FD59B370213FB6C1000349F9 /* ZKTreeNode.m */; };
		FD62A6D621366CD000815DAA /* AppDelegate.m in Sources */ = {isa = PBXBuildFile; fileRef = FD62A6D521366CD000815DAA /* AppDelegate.m */; };
		FD62A6D921366CD000815DAA /* TreeListViewController.m in Sources */ = {isa = PBXBuildFile; fileRef = FD62A6D821366CD000815DAA /* TreeListViewController.m */; };
		FD62A6DC21366CD000815DAA /* Main.storyboard in Resources */ = {isa = PBXBuildFile; fileRef = FD62A6DA21366CD000815DAA /* Main.storyboard */; };
		FD62A6DE21366CD200815DAA /* Assets.xcassets in Resources */ = {isa = PBXBuildFile; fileRef = FD62A6DD21366CD200815DAA /* Assets.xcassets */; };
		FD62A6E121366CD200815DAA /* LaunchScreen.storyboard in Resources */ = {isa = PBXBuildFile; fileRef = FD62A6DF21366CD200815DAA /* LaunchScreen.storyboard */; };
		FD62A6E421366CD200815DAA /* main.m in Sources */ = {isa = PBXBuildFile; fileRef = FD62A6E321366CD200815DAA /* main.m */; };
		FD62A6F321367C6300815DAA /* CommentsModel.m in Sources */ = {isa = PBXBuildFile; fileRef = FD62A6F221367C6300815DAA /* CommentsModel.m */; };
		FD62A6F5213684AB00815DAA /* Resource.json in Resources */ = {isa = PBXBuildFile; fileRef = FD62A6F4213684AB00815DAA /* Resource.json */; };
		FDC697E72137F9A60037EF3B /* CommentsCell.m in Sources */ = {isa = PBXBuildFile; fileRef = FDC697E62137F9A60037EF3B /* CommentsCell.m */; };
/* End PBXBuildFile section */

/* Begin PBXFileReference section */
		25A280CBF5311B7A9104E59B /* Pods-ZKTreeTableView.debug.xcconfig */ = {isa = PBXFileReference; includeInIndex = 1; lastKnownFileType = text.xcconfig; name = "Pods-ZKTreeTableView.debug.xcconfig"; path = "Pods/Target Support Files/Pods-ZKTreeTableView/Pods-ZKTreeTableView.debug.xcconfig"; sourceTree = "<group>"; };
		4DE14121B737BE89767C54E7 /* libPods-ZKTreeTableView.a */ = {isa = PBXFileReference; explicitFileType = archive.ar; includeInIndex = 0; path = "libPods-ZKTreeTableView.a"; sourceTree = BUILT_PRODUCTS_DIR; };
		98BDD6E7C23FF017E2A82596 /* Pods-ZKTreeTableView.release.xcconfig */ = {isa = PBXFileReference; includeInIndex = 1; lastKnownFileType = text.xcconfig; name = "Pods-ZKTreeTableView.release.xcconfig"; path = "Pods/Target Support Files/Pods-ZKTreeTableView/Pods-ZKTreeTableView.release.xcconfig"; sourceTree = "<group>"; };
		FD02FDEF213C5177003F0F56 /* YYWeakProxy.m */ = {isa = PBXFileReference; fileEncoding = 4; lastKnownFileType = sourcecode.c.objc; path = YYWeakProxy.m; sourceTree = "<group>"; };
		FD02FDF0213C5177003F0F56 /* YYFPSLabel.h */ = {isa = PBXFileReference; fileEncoding = 4; lastKnownFileType = sourcecode.c.h; path = YYFPSLabel.h; sourceTree = "<group>"; };
		FD02FDF1213C5177003F0F56 /* YYFPSLabel.m */ = {isa = PBXFileReference; fileEncoding = 4; lastKnownFileType = sourcecode.c.objc; path = YYFPSLabel.m; sourceTree = "<group>"; };
		FD02FDF2213C5177003F0F56 /* YYWeakProxy.h */ = {isa = PBXFileReference; fileEncoding = 4; lastKnownFileType = sourcecode.c.h; path = YYWeakProxy.h; sourceTree = "<group>"; };
		FD399B58213E611D0035983F /* MainViewController.h */ = {isa = PBXFileReference; lastKnownFileType = sourcecode.c.h; path = MainViewController.h; sourceTree = "<group>"; };
		FD399B59213E611D0035983F /* MainViewController.m */ = {isa = PBXFileReference; lastKnownFileType = sourcecode.c.objc; path = MainViewController.m; sourceTree = "<group>"; };
		FD399B5E213E66DC0035983F /* CustomCell.h */ = {isa = PBXFileReference; lastKnownFileType = sourcecode.c.h; path = CustomCell.h; sourceTree = "<group>"; };
		FD399B5F213E66DC0035983F /* CustomCell.m */ = {isa = PBXFileReference; lastKnownFileType = sourcecode.c.objc; path = CustomCell.m; sourceTree = "<group>"; };
		FD399B71213E8D560035983F /* Untitled.gif */ = {isa = PBXFileReference; lastKnownFileType = image.gif; path = Untitled.gif; sourceTree = "<group>"; };
		FD59B369213FB6C1000349F9 /* ZKTreeManager.m */ = {isa = PBXFileReference; fileEncoding = 4; lastKnownFileType = sourcecode.c.objc; path = ZKTreeManager.m; sourceTree = "<group>"; };
		FD59B36A213FB6C1000349F9 /* ZKTreeListView.h */ = {isa = PBXFileReference; fileEncoding = 4; lastKnownFileType = sourcecode.c.h; path = ZKTreeListView.h; sourceTree = "<group>"; };
		FD59B36B213FB6C1000349F9 /* ZKTreeNode.h */ = {isa = PBXFileReference; fileEncoding = 4; lastKnownFileType = sourcecode.c.h; path = ZKTreeNode.h; sourceTree = "<group>"; };
		FD59B36C213FB6C1000349F9 /* ZKTreeListViewCell.h */ = {isa = PBXFileReference; fileEncoding = 4; lastKnownFileType = sourcecode.c.h; path = ZKTreeListViewCell.h; sourceTree = "<group>"; };
		FD59B36D213FB6C1000349F9 /* ZKTreeManager.h */ = {isa = PBXFileReference; fileEncoding = 4; lastKnownFileType = sourcecode.c.h; path = ZKTreeManager.h; sourceTree = "<group>"; };
		FD59B36E213FB6C1000349F9 /* ZKTreeListView.m */ = {isa = PBXFileReference; fileEncoding = 4; lastKnownFileType = sourcecode.c.objc; path = ZKTreeListView.m; sourceTree = "<group>"; };
		FD59B36F213FB6C1000349F9 /* ZKTreeListViewCell.m */ = {isa = PBXFileReference; fileEncoding = 4; lastKnownFileType = sourcecode.c.objc; path = ZKTreeListViewCell.m; sourceTree = "<group>"; };
		FD59B370213FB6C1000349F9 /* ZKTreeNode.m */ = {isa = PBXFileReference; fileEncoding = 4; lastKnownFileType = sourcecode.c.objc; path = ZKTreeNode.m; sourceTree = "<group>"; };
		FD62A6D121366CD000815DAA /* ZKTreeTableView.app */ = {isa = PBXFileReference; explicitFileType = wrapper.application; includeInIndex = 0; path = ZKTreeTableView.app; sourceTree = BUILT_PRODUCTS_DIR; };
		FD62A6D421366CD000815DAA /* AppDelegate.h */ = {isa = PBXFileReference; lastKnownFileType = sourcecode.c.h; path = AppDelegate.h; sourceTree = "<group>"; };
		FD62A6D521366CD000815DAA /* AppDelegate.m */ = {isa = PBXFileReference; lastKnownFileType = sourcecode.c.objc; path = AppDelegate.m; sourceTree = "<group>"; };
		FD62A6D721366CD000815DAA /* TreeListViewController.h */ = {isa = PBXFileReference; lastKnownFileType = sourcecode.c.h; path = TreeListViewController.h; sourceTree = "<group>"; };
		FD62A6D821366CD000815DAA /* TreeListViewController.m */ = {isa = PBXFileReference; lastKnownFileType = sourcecode.c.objc; path = TreeListViewController.m; sourceTree = "<group>"; };
		FD62A6DB21366CD000815DAA /* Base */ = {isa = PBXFileReference; lastKnownFileType = file.storyboard; name = Base; path = Base.lproj/Main.storyboard; sourceTree = "<group>"; };
		FD62A6DD21366CD200815DAA /* Assets.xcassets */ = {isa = PBXFileReference; lastKnownFileType = folder.assetcatalog; path = Assets.xcassets; sourceTree = "<group>"; };
		FD62A6E021366CD200815DAA /* Base */ = {isa = PBXFileReference; lastKnownFileType = file.storyboard; name = Base; path = Base.lproj/LaunchScreen.storyboard; sourceTree = "<group>"; };
		FD62A6E221366CD200815DAA /* Info.plist */ = {isa = PBXFileReference; lastKnownFileType = text.plist.xml; path = Info.plist; sourceTree = "<group>"; };
		FD62A6E321366CD200815DAA /* main.m */ = {isa = PBXFileReference; lastKnownFileType = sourcecode.c.objc; path = main.m; sourceTree = "<group>"; };
		FD62A6F121367C6300815DAA /* CommentsModel.h */ = {isa = PBXFileReference; lastKnownFileType = sourcecode.c.h; path = CommentsModel.h; sourceTree = "<group>"; };
		FD62A6F221367C6300815DAA /* CommentsModel.m */ = {isa = PBXFileReference; lastKnownFileType = sourcecode.c.objc; path = CommentsModel.m; sourceTree = "<group>"; };
		FD62A6F4213684AB00815DAA /* Resource.json */ = {isa = PBXFileReference; fileEncoding = 4; lastKnownFileType = text.json; path = Resource.json; sourceTree = "<group>"; };
		FDC697E52137F9A60037EF3B /* CommentsCell.h */ = {isa = PBXFileReference; lastKnownFileType = sourcecode.c.h; path = CommentsCell.h; sourceTree = "<group>"; };
		FDC697E62137F9A60037EF3B /* CommentsCell.m */ = {isa = PBXFileReference; lastKnownFileType = sourcecode.c.objc; path = CommentsCell.m; sourceTree = "<group>"; };
/* End PBXFileReference section */

/* Begin PBXFrameworksBuildPhase section */
		FD62A6CE21366CD000815DAA /* Frameworks */ = {
			isa = PBXFrameworksBuildPhase;
			buildActionMask = 2147483647;
			files = (
				3797539DC91D0E0ADEDCA8F2 /* libPods-ZKTreeTableView.a in Frameworks */,
			);
			runOnlyForDeploymentPostprocessing = 0;
		};
/* End PBXFrameworksBuildPhase section */

/* Begin PBXGroup section */
		1DFC348F5C8D4F4F23EB9B07 /* Frameworks */ = {
			isa = PBXGroup;
			children = (
				4DE14121B737BE89767C54E7 /* libPods-ZKTreeTableView.a */,
			);
			name = Frameworks;
			sourceTree = "<group>";
		};
		2E2E781EC65E3608C5C0EC1C /* Pods */ = {
			isa = PBXGroup;
			children = (
				25A280CBF5311B7A9104E59B /* Pods-ZKTreeTableView.debug.xcconfig */,
				98BDD6E7C23FF017E2A82596 /* Pods-ZKTreeTableView.release.xcconfig */,
			);
			name = Pods;
			sourceTree = "<group>";
		};
		FD02FDEE213C5177003F0F56 /* YYFPSLabel */ = {
			isa = PBXGroup;
			children = (
				FD02FDEF213C5177003F0F56 /* YYWeakProxy.m */,
				FD02FDF0213C5177003F0F56 /* YYFPSLabel.h */,
				FD02FDF1213C5177003F0F56 /* YYFPSLabel.m */,
				FD02FDF2213C5177003F0F56 /* YYWeakProxy.h */,
			);
			path = YYFPSLabel;
			sourceTree = "<group>";
		};
		FD59B368213FB6C1000349F9 /* ZKTreeListView */ = {
			isa = PBXGroup;
			children = (
				FD59B36B213FB6C1000349F9 /* ZKTreeNode.h */,
				FD59B370213FB6C1000349F9 /* ZKTreeNode.m */,
				FD59B36D213FB6C1000349F9 /* ZKTreeManager.h */,
				FD59B369213FB6C1000349F9 /* ZKTreeManager.m */,
				FD59B36C213FB6C1000349F9 /* ZKTreeListViewCell.h */,
				FD59B36F213FB6C1000349F9 /* ZKTreeListViewCell.m */,
				FD59B36A213FB6C1000349F9 /* ZKTreeListView.h */,
				FD59B36E213FB6C1000349F9 /* ZKTreeListView.m */,
			);
			path = ZKTreeListView;
			sourceTree = "<group>";
		};
		FD62A6C821366CD000815DAA = {
			isa = PBXGroup;
			children = (
				FD62A6D321366CD000815DAA /* ZKTreeTableView */,
				FD62A6D221366CD000815DAA /* Products */,
				2E2E781EC65E3608C5C0EC1C /* Pods */,
				1DFC348F5C8D4F4F23EB9B07 /* Frameworks */,
			);
			sourceTree = "<group>";
		};
		FD62A6D221366CD000815DAA /* Products */ = {
			isa = PBXGroup;
			children = (
				FD62A6D121366CD000815DAA /* ZKTreeTableView.app */,
			);
			name = Products;
			sourceTree = "<group>";
		};
		FD62A6D321366CD000815DAA /* ZKTreeTableView */ = {
			isa = PBXGroup;
			children = (
				FD62A6D421366CD000815DAA /* AppDelegate.h */,
				FD62A6D521366CD000815DAA /* AppDelegate.m */,
				FD399B58213E611D0035983F /* MainViewController.h */,
				FD399B59213E611D0035983F /* MainViewController.m */,
				FD62A6D721366CD000815DAA /* TreeListViewController.h */,
				FD62A6D821366CD000815DAA /* TreeListViewController.m */,
				FD62A6F121367C6300815DAA /* CommentsModel.h */,
				FD62A6F221367C6300815DAA /* CommentsModel.m */,
				FDC697E52137F9A60037EF3B /* CommentsCell.h */,
				FDC697E62137F9A60037EF3B /* CommentsCell.m */,
				FD399B5E213E66DC0035983F /* CustomCell.h */,
				FD399B5F213E66DC0035983F /* CustomCell.m */,
				FD02FDEE213C5177003F0F56 /* YYFPSLabel */,
				FD59B368213FB6C1000349F9 /* ZKTreeListView */,
				FD62A6DA21366CD000815DAA /* Main.storyboard */,
				FD62A6DD21366CD200815DAA /* Assets.xcassets */,
				FD62A6DF21366CD200815DAA /* LaunchScreen.storyboard */,
				FD62A6E221366CD200815DAA /* Info.plist */,
				FD62A6E321366CD200815DAA /* main.m */,
				FD62A6F4213684AB00815DAA /* Resource.json */,
				FD399B71213E8D560035983F /* Untitled.gif */,
			);
			path = ZKTreeTableView;
			sourceTree = "<group>";
		};
/* End PBXGroup section */

/* Begin PBXNativeTarget section */
		FD62A6D021366CD000815DAA /* ZKTreeTableView */ = {
			isa = PBXNativeTarget;
			buildConfigurationList = FD62A6E721366CD200815DAA /* Build configuration list for PBXNativeTarget "ZKTreeTableView" */;
			buildPhases = (
				37D30A1D61896C5475395308 /* [CP] Check Pods Manifest.lock */,
				FD62A6CD21366CD000815DAA /* Sources */,
				FD62A6CE21366CD000815DAA /* Frameworks */,
				FD62A6CF21366CD000815DAA /* Resources */,
				E021190F24C8CBFAEB506E42 /* [CP] Copy Pods Resources */,
			);
			buildRules = (
			);
			dependencies = (
			);
			name = ZKTreeTableView;
			productName = ZKTreeTableView;
			productReference = FD62A6D121366CD000815DAA /* ZKTreeTableView.app */;
			productType = "com.apple.product-type.application";
		};
/* End PBXNativeTarget section */

/* Begin PBXProject section */
		FD62A6C921366CD000815DAA /* Project object */ = {
			isa = PBXProject;
			attributes = {
				LastUpgradeCheck = 0940;
				ORGANIZATIONNAME = bestdew;
				TargetAttributes = {
					FD62A6D021366CD000815DAA = {
						CreatedOnToolsVersion = 9.4.1;
					};
				};
			};
			buildConfigurationList = FD62A6CC21366CD000815DAA /* Build configuration list for PBXProject "ZKTreeTableView" */;
			compatibilityVersion = "Xcode 9.3";
			developmentRegion = en;
			hasScannedForEncodings = 0;
			knownRegions = (
				en,
				Base,
			);
			mainGroup = FD62A6C821366CD000815DAA;
			productRefGroup = FD62A6D221366CD000815DAA /* Products */;
			projectDirPath = "";
			projectRoot = "";
			targets = (
				FD62A6D021366CD000815DAA /* ZKTreeTableView */,
			);
		};
/* End PBXProject section */

/* Begin PBXResourcesBuildPhase section */
		FD62A6CF21366CD000815DAA /* Resources */ = {
			isa = PBXResourcesBuildPhase;
			buildActionMask = 2147483647;
			files = (
				FD62A6E121366CD200815DAA /* LaunchScreen.storyboard in Resources */,
				FD62A6F5213684AB00815DAA /* Resource.json in Resources */,
				FD62A6DE21366CD200815DAA /* Assets.xcassets in Resources */,
				FD62A6DC21366CD000815DAA /* Main.storyboard in Resources */,
				FD399B72213E8D560035983F /* Untitled.gif in Resources */,
			);
			runOnlyForDeploymentPostprocessing = 0;
		};
/* End PBXResourcesBuildPhase section */

/* Begin PBXShellScriptBuildPhase section */
		37D30A1D61896C5475395308 /* [CP] Check Pods Manifest.lock */ = {
			isa = PBXShellScriptBuildPhase;
			buildActionMask = 2147483647;
			files = (
			);
			inputFileListPaths = (
			);
			inputPaths = (
				"${PODS_PODFILE_DIR_PATH}/Podfile.lock",
				"${PODS_ROOT}/Manifest.lock",
			);
			name = "[CP] Check Pods Manifest.lock";
			outputFileListPaths = (
			);
			outputPaths = (
				"$(DERIVED_FILE_DIR)/Pods-ZKTreeTableView-checkManifestLockResult.txt",
			);
			runOnlyForDeploymentPostprocessing = 0;
			shellPath = /bin/sh;
			shellScript = "diff \"${PODS_PODFILE_DIR_PATH}/Podfile.lock\" \"${PODS_ROOT}/Manifest.lock\" > /dev/null\nif [ $? != 0 ] ; then\n    # print error to STDERR\n    echo \"error: The sandbox is not in sync with the Podfile.lock. Run 'pod install' or update your CocoaPods installation.\" >&2\n    exit 1\nfi\n# This output is used by Xcode 'outputs' to avoid re-running this script phase.\necho \"SUCCESS\" > \"${SCRIPT_OUTPUT_FILE_0}\"\n";
			showEnvVarsInLog = 0;
		};
		E021190F24C8CBFAEB506E42 /* [CP] Copy Pods Resources */ = {
			isa = PBXShellScriptBuildPhase;
			buildActionMask = 2147483647;
			files = (
			);
			inputFileListPaths = (
			);
			inputPaths = (
				"${SRCROOT}/Pods/Target Support Files/Pods-ZKTreeTableView/Pods-ZKTreeTableView-resources.sh",
				"${PODS_ROOT}/MJRefresh/MJRefresh/MJRefresh.bundle",
			);
			name = "[CP] Copy Pods Resources";
			outputFileListPaths = (
			);
			outputPaths = (
				"${TARGET_BUILD_DIR}/${UNLOCALIZED_RESOURCES_FOLDER_PATH}/MJRefresh.bundle",
			);
			runOnlyForDeploymentPostprocessing = 0;
			shellPath = /bin/sh;
			shellScript = "\"${SRCROOT}/Pods/Target Support Files/Pods-ZKTreeTableView/Pods-ZKTreeTableView-resources.sh\"\n";
			showEnvVarsInLog = 0;
		};
/* End PBXShellScriptBuildPhase section */

/* Begin PBXSourcesBuildPhase section */
		FD62A6CD21366CD000815DAA /* Sources */ = {
			isa = PBXSourcesBuildPhase;
			buildActionMask = 2147483647;
			files = (
				FDC697E72137F9A60037EF3B /* CommentsCell.m in Sources */,
				FD02FDF4213C5177003F0F56 /* YYFPSLabel.m in Sources */,
				FD62A6F321367C6300815DAA /* CommentsModel.m in Sources */,
				FD59B373213FB6C1000349F9 /* ZKTreeListViewCell.m in Sources */,
				FD02FDF3213C5177003F0F56 /* YYWeakProxy.m in Sources */,
				FD399B5A213E611D0035983F /* MainViewController.m in Sources */,
				FD62A6D921366CD000815DAA /* TreeListViewController.m in Sources */,
				FD59B372213FB6C1000349F9 /* ZKTreeListView.m in Sources */,
				FD62A6E421366CD200815DAA /* main.m in Sources */,
				FD59B374213FB6C1000349F9 /* ZKTreeNode.m in Sources */,
				FD62A6D621366CD000815DAA /* AppDelegate.m in Sources */,
				FD59B371213FB6C1000349F9 /* ZKTreeManager.m in Sources */,
				FD399B60213E66DC0035983F /* CustomCell.m in Sources */,
			);
			runOnlyForDeploymentPostprocessing = 0;
		};
/* End PBXSourcesBuildPhase section */

/* Begin PBXVariantGroup section */
		FD62A6DA21366CD000815DAA /* Main.storyboard */ = {
			isa = PBXVariantGroup;
			children = (
				FD62A6DB21366CD000815DAA /* Base */,
			);
			name = Main.storyboard;
			sourceTree = "<group>";
		};
		FD62A6DF21366CD200815DAA /* LaunchScreen.storyboard */ = {
			isa = PBXVariantGroup;
			children = (
				FD62A6E021366CD200815DAA /* Base */,
			);
			name = LaunchScreen.storyboard;
			sourceTree = "<group>";
		};
/* End PBXVariantGroup section */

/* Begin XCBuildConfiguration section */
		FD62A6E521366CD200815DAA /* Debug */ = {
			isa = XCBuildConfiguration;
			buildSettings = {
				ALWAYS_SEARCH_USER_PATHS = NO;
				CLANG_ANALYZER_NONNULL = YES;
				CLANG_ANALYZER_NUMBER_OBJECT_CONVERSION = YES_AGGRESSIVE;
				CLANG_CXX_LANGUAGE_STANDARD = "gnu++14";
				CLANG_CXX_LIBRARY = "libc++";
				CLANG_ENABLE_MODULES = YES;
				CLANG_ENABLE_OBJC_ARC = YES;
				CLANG_ENABLE_OBJC_WEAK = YES;
				CLANG_WARN_BLOCK_CAPTURE_AUTORELEASING = YES;
				CLANG_WARN_BOOL_CONVERSION = YES;
				CLANG_WARN_COMMA = YES;
				CLANG_WARN_CONSTANT_CONVERSION = YES;
				CLANG_WARN_DEPRECATED_OBJC_IMPLEMENTATIONS = YES;
				CLANG_WARN_DIRECT_OBJC_ISA_USAGE = YES_ERROR;
				CLANG_WARN_DOCUMENTATION_COMMENTS = YES;
				CLANG_WARN_EMPTY_BODY = YES;
				CLANG_WARN_ENUM_CONVERSION = YES;
				CLANG_WARN_INFINITE_RECURSION = YES;
				CLANG_WARN_INT_CONVERSION = YES;
				CLANG_WARN_NON_LITERAL_NULL_CONVERSION = YES;
				CLANG_WARN_OBJC_IMPLICIT_RETAIN_SELF = NO;
				CLANG_WARN_OBJC_LITERAL_CONVERSION = YES;
				CLANG_WARN_OBJC_ROOT_CLASS = YES_ERROR;
				CLANG_WARN_RANGE_LOOP_ANALYSIS = YES;
				CLANG_WARN_STRICT_PROTOTYPES = YES;
				CLANG_WARN_SUSPICIOUS_MOVE = YES;
				CLANG_WARN_UNGUARDED_AVAILABILITY = YES_AGGRESSIVE;
				CLANG_WARN_UNREACHABLE_CODE = YES;
				CLANG_WARN__DUPLICATE_METHOD_MATCH = YES;
				CODE_SIGN_IDENTITY = "iPhone Developer";
				COPY_PHASE_STRIP = NO;
				DEBUG_INFORMATION_FORMAT = dwarf;
				ENABLE_STRICT_OBJC_MSGSEND = YES;
				ENABLE_TESTABILITY = YES;
				GCC_C_LANGUAGE_STANDARD = gnu11;
				GCC_DYNAMIC_NO_PIC = NO;
				GCC_NO_COMMON_BLOCKS = YES;
				GCC_OPTIMIZATION_LEVEL = 0;
				GCC_PREPROCESSOR_DEFINITIONS = (
					"DEBUG=1",
					"$(inherited)",
				);
				GCC_WARN_64_TO_32_BIT_CONVERSION = YES;
				GCC_WARN_ABOUT_RETURN_TYPE = YES_ERROR;
				GCC_WARN_UNDECLARED_SELECTOR = YES;
				GCC_WARN_UNINITIALIZED_AUTOS = YES_AGGRESSIVE;
				GCC_WARN_UNUSED_FUNCTION = YES;
				GCC_WARN_UNUSED_VARIABLE = YES;
				IPHONEOS_DEPLOYMENT_TARGET = 8.0;
				MTL_ENABLE_DEBUG_INFO = YES;
				ONLY_ACTIVE_ARCH = YES;
				SDKROOT = iphoneos;
			};
			name = Debug;
		};
		FD62A6E621366CD200815DAA /* Release */ = {
			isa = XCBuildConfiguration;
			buildSettings = {
				ALWAYS_SEARCH_USER_PATHS = NO;
				CLANG_ANALYZER_NONNULL = YES;
				CLANG_ANALYZER_NUMBER_OBJECT_CONVERSION = YES_AGGRESSIVE;
				CLANG_CXX_LANGUAGE_STANDARD = "gnu++14";
				CLANG_CXX_LIBRARY = "libc++";
				CLANG_ENABLE_MODULES = YES;
				CLANG_ENABLE_OBJC_ARC = YES;
				CLANG_ENABLE_OBJC_WEAK = YES;
				CLANG_WARN_BLOCK_CAPTURE_AUTORELEASING = YES;
				CLANG_WARN_BOOL_CONVERSION = YES;
				CLANG_WARN_COMMA = YES;
				CLANG_WARN_CONSTANT_CONVERSION = YES;
				CLANG_WARN_DEPRECATED_OBJC_IMPLEMENTATIONS = YES;
				CLANG_WARN_DIRECT_OBJC_ISA_USAGE = YES_ERROR;
				CLANG_WARN_DOCUMENTATION_COMMENTS = YES;
				CLANG_WARN_EMPTY_BODY = YES;
				CLANG_WARN_ENUM_CONVERSION = YES;
				CLANG_WARN_INFINITE_RECURSION = YES;
				CLANG_WARN_INT_CONVERSION = YES;
				CLANG_WARN_NON_LITERAL_NULL_CONVERSION = YES;
				CLANG_WARN_OBJC_IMPLICIT_RETAIN_SELF = NO;
				CLANG_WARN_OBJC_LITERAL_CONVERSION = YES;
				CLANG_WARN_OBJC_ROOT_CLASS = YES_ERROR;
				CLANG_WARN_RANGE_LOOP_ANALYSIS = YES;
				CLANG_WARN_STRICT_PROTOTYPES = YES;
				CLANG_WARN_SUSPICIOUS_MOVE = YES;
				CLANG_WARN_UNGUARDED_AVAILABILITY = YES_AGGRESSIVE;
				CLANG_WARN_UNREACHABLE_CODE = YES;
				CLANG_WARN__DUPLICATE_METHOD_MATCH = YES;
				CODE_SIGN_IDENTITY = "iPhone Developer";
				COPY_PHASE_STRIP = NO;
				DEBUG_INFORMATION_FORMAT = "dwarf-with-dsym";
				ENABLE_NS_ASSERTIONS = NO;
				ENABLE_STRICT_OBJC_MSGSEND = YES;
				GCC_C_LANGUAGE_STANDARD = gnu11;
				GCC_NO_COMMON_BLOCKS = YES;
				GCC_WARN_64_TO_32_BIT_CONVERSION = YES;
				GCC_WARN_ABOUT_RETURN_TYPE = YES_ERROR;
				GCC_WARN_UNDECLARED_SELECTOR = YES;
				GCC_WARN_UNINITIALIZED_AUTOS = YES_AGGRESSIVE;
				GCC_WARN_UNUSED_FUNCTION = YES;
				GCC_WARN_UNUSED_VARIABLE = YES;
				IPHONEOS_DEPLOYMENT_TARGET = 8.0;
				MTL_ENABLE_DEBUG_INFO = NO;
				SDKROOT = iphoneos;
				VALIDATE_PRODUCT = YES;
			};
			name = Release;
		};
		FD62A6E821366CD200815DAA /* Debug */ = {
			isa = XCBuildConfiguration;
			baseConfigurationReference = 25A280CBF5311B7A9104E59B /* Pods-ZKTreeTableView.debug.xcconfig */;
			buildSettings = {
				ASSETCATALOG_COMPILER_APPICON_NAME = AppIcon;
				CODE_SIGN_STYLE = Automatic;
				INFOPLIST_FILE = ZKTreeTableView/Info.plist;
				IPHONEOS_DEPLOYMENT_TARGET = 8.0;
				LD_RUNPATH_SEARCH_PATHS = (
					"$(inherited)",
					"@executable_path/Frameworks",
				);
				PRODUCT_BUNDLE_IDENTIFIER = qknode.ZKTreeTableView;
				PRODUCT_NAME = "$(TARGET_NAME)";
				TARGETED_DEVICE_FAMILY = "1,2";
			};
			name = Debug;
		};
		FD62A6E921366CD200815DAA /* Release */ = {
			isa = XCBuildConfiguration;
			baseConfigurationReference = 98BDD6E7C23FF017E2A82596 /* Pods-ZKTreeTableView.release.xcconfig */;
			buildSettings = {
				ASSETCATALOG_COMPILER_APPICON_NAME = AppIcon;
				CODE_SIGN_STYLE = Automatic;
				INFOPLIST_FILE = ZKTreeTableView/Info.plist;
				IPHONEOS_DEPLOYMENT_TARGET = 8.0;
				LD_RUNPATH_SEARCH_PATHS = (
					"$(inherited)",
					"@executable_path/Frameworks",
				);
				PRODUCT_BUNDLE_IDENTIFIER = qknode.ZKTreeTableView;
				PRODUCT_NAME = "$(TARGET_NAME)";
				TARGETED_DEVICE_FAMILY = "1,2";
			};
			name = Release;
		};
/* End XCBuildConfiguration section */

/* Begin XCConfigurationList section */
		FD62A6CC21366CD000815DAA /* Build configuration list for PBXProject "ZKTreeTableView" */ = {
			isa = XCConfigurationList;
			buildConfigurations = (
				FD62A6E521366CD200815DAA /* Debug */,
				FD62A6E621366CD200815DAA /* Release */,
			);
			defaultConfigurationIsVisible = 0;
			defaultConfigurationName = Release;
		};
		FD62A6E721366CD200815DAA /* Build configuration list for PBXNativeTarget "ZKTreeTableView" */ = {
			isa = XCConfigurationList;
			buildConfigurations = (
				FD62A6E821366CD200815DAA /* Debug */,
				FD62A6E921366CD200815DAA /* Release */,
			);
			defaultConfigurationIsVisible = 0;
			defaultConfigurationName = Release;
		};
/* End XCConfigurationList section */
	};
	rootObject = FD62A6C921366CD000815DAA /* Project object */;
}
